
Microsoft Visual Studio Solution File, Format Version 12.00
# Visual Studio Version 17
VisualStudioVersion = 17.1.32421.90
MinimumVisualStudioVersion = 10.0.40219.1
Project("{FAE04EC0-301F-11D3-BF4B-00C04F79EFBC}") = "ConsoleApp1xd", "ConsoleApp1xd.csproj", "{7CE0490F-4094-4A57-9543-4B287FD851CE}"
EndProject
Global
	GlobalSection(SolutionConfigurationPlatforms) = preSolution
		Debug|Any CPU = Debug|Any CPU
		Release|Any CPU = Release|Any CPU
	EndGlobalSection
	GlobalSection(ProjectConfigurationPlatforms) = postSolution
		{7CE0490F-4094-4A57-9543-4B287FD851CE}.Debug|Any CPU.ActiveCfg = Debug|Any CPU
		{7CE0490F-4094-4A57-9543-4B287FD851CE}.Debug|Any CPU.Build.0 = Debug|Any CPU
		{7CE0490F-4094-4A57-9543-4B287FD851CE}.Release|Any CPU.ActiveCfg = Release|Any CPU
		{7CE0490F-4094-4A57-9543-4B287FD851CE}.Release|Any CPU.Build.0 = Release|Any CPU
	EndGlobalSection
	GlobalSection(SolutionProperties) = preSolution
		HideSolutionNode = FALSE
	EndGlobalSection
	GlobalSection(ExtensibilityGlobals) = postSolution
		SolutionGuid = {947386DB-9A9A-4C3F-9D02-3953CB7FDD49}
	EndGlobalSection
EndGlobal
